{
  "name": "autocut",
  "version": "2.0.0",
  "lockfileVersion": 3,
  "requires": true,
  "packages": {
    "": {
      "name": "autocut",
      "version": "2.0.0",
      "license": "MIT",
      "dependencies": {
        "@webav/av-cliper": "^1.1.6"
      }
    },
    "node_modules/@webav/av-cliper": {
      "version": "1.2.7",
      "resolved": "https://registry.npmjs.org/@webav/av-cliper/-/av-cliper-1.2.7.tgz",
      "integrity": "sha512-zn+h5gJVyOupTraykCz1/wiowSfV1/jqt7Kz3FHArhp1NgB74/3H9chL/Bz+uwiVYCusU9C8Eu/l3F9WvTbsig==",
      "dependencies": {
        "@webav/internal-utils": "1.2.7",
        "@webav/mp4box.js": "^0.5.7",
        "opfs-tools": "^0.7.2",
        "wave-resampler": "^1.0.0"
      }
    },
    "node_modules/@webav/internal-utils": {
      "version": "1.2.7",
      "resolved": "https://registry.npmjs.org/@webav/internal-utils/-/internal-utils-1.2.7.tgz",
      "integrity": "sha512-99hajvWwrVb/j0O3vu6zK5XXB+aAI5S4MLkPcJdw2GmGn/JYKZU8I7y7iyIf5ipuPGLucmD9O7zzb6SSeXcYkg==",
      "dependencies": {
        "@webav/mp4box.js": "^0.5.7"
      }
    },
    "node_modules/@webav/mp4box.js": {
      "version": "0.5.7",
      "resolved": "https://registry.npmjs.org/@webav/mp4box.js/-/mp4box.js-0.5.7.tgz",
      "integrity": "sha512-KgScEtDpiLnWvj1Rj8Ri9fDWxTjfdNr7cmY/PT88EmttHh6cLxMAeyD/W8Vydes4z7qV/c5VDAaP4cTlaO0E9g==",
      "license": "BSD-3-Clause"
    },
    "node_modules/opfs-tools": {
      "version": "0.7.3",
      "resolved": "https://registry.npmjs.org/opfs-tools/-/opfs-tools-0.7.3.tgz",
      "integrity": "sha512-wXwdo9ZsZWu5umGSsaAJvTeuofzP6G/X40ZYGbjLPNdS/k2EIKPbP7MCEuG1GJLAl0fiGvQKBOkgu62FsomKDw=="
    },
    "node_modules/wave-resampler": {
      "version": "1.0.0",
      "resolved": "https://registry.npmjs.org/wave-resampler/-/wave-resampler-1.0.0.tgz",
      "integrity": "sha512-bE3rbpZXuKAV52Cd8/BeJvy82ZqEHK8pPWHrZ9JioaVVTBlmWbDC+u4p9blhFcf0Skepb4hlOAHc25XfqLC48g==",
      "license": "MIT",
      "engines": {
        "node": ">=8"
      }
    }
  }
}
